// !$*UTF8*$!
{
	archiveVersion = 1;
	classes = {
	};
	objectVersion = 46;
	objects = {

/* Begin PBXBuildFile section */
		759A0B99199DE54F00B6C065 /* AppDelegate.swift in Sources */ = {isa = PBXBuildFile; fileRef = 759A0B98199DE54F00B6C065 /* AppDelegate.swift */; };
		759A0B9B199DE54F00B6C065 /* ViewController.swift in Sources */ = {isa = PBXBuildFile; fileRef = 759A0B9A199DE54F00B6C065 /* ViewController.swift */; };
		759A0B9E199DE54F00B6C065 /* Main.storyboard in Resources */ = {isa = PBXBuildFile; fileRef = 759A0B9C199DE54F00B6C065 /* Main.storyboard */; };
		759A0BA0199DE54F00B6C065 /* Images.xcassets in Resources */ = {isa = PBXBuildFile; fileRef = 759A0B9F199DE54F00B6C065 /* Images.xcassets */; };
		759A0BAC199DE55000B6C065 /* TipsterTests.swift in Sources */ = {isa = PBXBuildFile; fileRef = 759A0BAB199DE55000B6C065 /* TipsterTests.swift */; };
/* End PBXBuildFile section */

/* Begin PBXContainerItemProxy section */
		759A0BA6199DE54F00B6C065 /* PBXContainerItemProxy */ = {
			isa = PBXContainerItemProxy;
			containerPortal = 759A0B8B199DE54F00B6C065 /* Project object */;
			proxyType = 1;
			remoteGlobalIDString = 759A0B92199DE54F00B6C065;
			remoteInfo = Tipster;
		};
/* End PBXContainerItemProxy section */

/* Begin PBXFileReference section */
		759A0B93199DE54F00B6C065 /* Tipster.app */ = {isa = PBXFileReference; explicitFileType = wrapper.application; includeInIndex = 0; path = Tipster.app; sourceTree = BUILT_PRODUCTS_DIR; };
		759A0B97199DE54F00B6C065 /* Info.plist */ = {isa = PBXFileReference; lastKnownFileType = text.plist.xml; path = Info.plist; sourceTree = "<group>"; };
		759A0B98199DE54F00B6C065 /* AppDelegate.swift */ = {isa = PBXFileReference; lastKnownFileType = sourcecode.swift; path = AppDelegate.swift; sourceTree = "<group>"; };
		759A0B9A199DE54F00B6C065 /* ViewController.swift */ = {isa = PBXFileReference; lastKnownFileType = sourcecode.swift; path = ViewController.swift; sourceTree = "<group>"; };
		759A0B9D199DE54F00B6C065 /* Base */ = {isa = PBXFileReference; lastKnownFileType = file.storyboard; name = Base; path = Base.lproj/Main.storyboard; sourceTree = "<group>"; };
		759A0B9F199DE54F00B6C065 /* Images.xcassets */ = {isa = PBXFileReference; lastKnownFileType = folder.assetcatalog; path = Images.xcassets; sourceTree = "<group>"; };
		759A0BA5199DE54F00B6C065 /* TipsterTests.xctest */ = {isa = PBXFileReference; explicitFileType = wrapper.cfbundle; includeInIndex = 0; path = TipsterTests.xctest; sourceTree = BUILT_PRODUCTS_DIR; };
		759A0BAA199DE54F00B6C065 /* Info.plist */ = {isa = PBXFileReference; lastKnownFileType = text.plist.xml; path = Info.plist; sourceTree = "<group>"; };
		759A0BAB199DE55000B6C065 /* TipsterTests.swift */ = {isa = PBXFileReference; lastKnownFileType = sourcecode.swift; path = TipsterTests.swift; sourceTree = "<group>"; };
/* End PBXFileReference section */

/* Begin PBXFrameworksBuildPhase section */
		759A0B90199DE54F00B6C065 /* Frameworks */ = {
			isa = PBXFrameworksBuildPhase;
			buildActionMask = 2147483647;
			files = (
			);
			runOnlyForDeploymentPostprocessing = 0;
		};
		759A0BA2199DE54F00B6C065 /* Frameworks */ = {
			isa = PBXFrameworksBuildPhase;
			buildActionMask = 2147483647;
			files = (
			);
			runOnlyForDeploymentPostprocessing = 0;
		};
/* End PBXFrameworksBuildPhase section */

/* Begin PBXGroup section */
		759A0B8A199DE54F00B6C065 = {
			isa = PBXGroup;
			children = (
				759A0B95199DE54F00B6C065 /* Tipster */,
				759A0BA8199DE54F00B6C065 /* TipsterTests */,
				759A0B94199DE54F00B6C065 /* Products */,
			);
			sourceTree = "<group>";
		};
		759A0B94199DE54F00B6C065 /* Products */ = {
			isa = PBXGroup;
			children = (
				759A0B93199DE54F00B6C065 /* Tipster.app */,
				759A0BA5199DE54F00B6C065 /* TipsterTests.xctest */,
			);
			name = Products;
			sourceTree = "<group>";
		};
		759A0B95199DE54F00B6C065 /* Tipster */ = {
			isa = PBXGroup;
			children = (
				759A0B98199DE54F00B6C065 /* AppDelegate.swift */,
				759A0B9A199DE54F00B6C065 /* ViewController.swift */,
				759A0B9C199DE54F00B6C065 /* Main.storyboard */,
				759A0B9F199DE54F00B6C065 /* Images.xcassets */,
				759A0B96199DE54F00B6C065 /* Supporting Files */,
			);
			path = Tipster;
			sourceTree = "<group>";
		};
		759A0B96199DE54F00B6C065 /* Supporting Files */ = {
			isa = PBXGroup;
			children = (
				759A0B97199DE54F00B6C065 /* Info.plist */,
			);
			name = "Supporting Files";
			sourceTree = "<group>";
		};
		759A0BA8199DE54F00B6C065 /* TipsterTests */ = {
			isa = PBXGroup;
			children = (
				759A0BAB199DE55000B6C065 /* TipsterTests.swift */,
				759A0BA9199DE54F00B6C065 /* Supporting Files */,
			);
			path = TipsterTests;
			sourceTree = "<group>";
		};
		759A0BA9199DE54F00B6C065 /* Supporting Files */ = {
			isa = PBXGroup;
			children = (
				759A0BAA199DE54F00B6C065 /* Info.plist */,
			);
			name = "Supporting Files";
			sourceTree = "<group>";
		};
/* End PBXGroup section */

/* Begin PBXNativeTarget section */
		759A0B92199DE54F00B6C065 /* Tipster */ = {
			isa = PBXNativeTarget;
			buildConfigurationList = 759A0BAF199DE55000B6C065 /* Build configuration list for PBXNativeTarget "Tipster" */;
			buildPhases = (
				759A0B8F199DE54F00B6C065 /* Sources */,
				759A0B90199DE54F00B6C065 /* Frameworks */,
				759A0B91199DE54F00B6C065 /* Resources */,
			);
			buildRules = (
			);
			dependencies = (
			);
			name = Tipster;
			productName = Tipster;
			productReference = 759A0B93199DE54F00B6C065 /* Tipster.app */;
			productType = "com.apple.product-type.application";
		};
		759A0BA4199DE54F00B6C065 /* TipsterTests */ = {
			isa = PBXNativeTarget;
			buildConfigurationList = 759A0BB2199DE55000B6C065 /* Build configuration list for PBXNativeTarget "TipsterTests" */;
			buildPhases = (
				759A0BA1199DE54F00B6C065 /* Sources */,
				759A0BA2199DE54F00B6C065 /* Frameworks */,
				759A0BA3199DE54F00B6C065 /* Resources */,
			);
			buildRules = (
			);
			dependencies = (
				759A0BA7199DE54F00B6C065 /* PBXTargetDependency */,
			);
			name = TipsterTests;
			productName = TipsterTests;
			productReference = 759A0BA5199DE54F00B6C065 /* TipsterTests.xctest */;
			productType = "com.apple.product-type.bundle.unit-test";
		};
/* End PBXNativeTarget section */

/* Begin PBXProject section */
		759A0B8B199DE54F00B6C065 /* Project object */ = {
			isa = PBXProject;
			attributes = {
				LastUpgradeCheck = 0600;
				ORGANIZATIONNAME = "Average Techie";
				TargetAttributes = {
					759A0B92199DE54F00B6C065 = {
						CreatedOnToolsVersion = 6.0;
					};
					759A0BA4199DE54F00B6C065 = {
						CreatedOnToolsVersion = 6.0;
						TestTargetID = 759A0B92199DE54F00B6C065;
					};
				};
			};
			buildConfigurationList = 759A0B8E199DE54F00B6C065 /* Build configuration list for PBXProject "Tipster" */;
			compatibilityVersion = "Xcode 3.2";
			developmentRegion = English;
			hasScannedForEncodings = 0;
			knownRegions = (
				en,
				Base,
			);
			mainGroup = 759A0B8A199DE54F00B6C065;
			productRefGroup = 759A0B94199DE54F00B6C065 /* Products */;
			projectDirPath = "";
			projectRoot = "";
			targets = (
				759A0B92199DE54F00B6C065 /* Tipster */,
				759A0BA4199DE54F00B6C065 /* TipsterTests */,
			);
		};
/* End PBXProject section */

/* Begin PBXResourcesBuildPhase section */
		759A0B91199DE54F00B6C065 /* Resources */ = {
			isa = PBXResourcesBuildPhase;
			buildActionMask = 2147483647;
			files = (
				759A0B9E199DE54F00B6C065 /* Main.storyboard in Resources */,
				759A0BA0199DE54F00B6C065 /* Images.xcassets in Resources */,
			);
			runOnlyForDeploymentPostprocessing = 0;
		};
		759A0BA3199DE54F00B6C065 /* Resources */ = {
			isa = PBXResourcesBuildPhase;
			buildActionMask = 2147483647;
			files = (
			);
			runOnlyForDeploymentPostprocessing = 0;
		};
/* End PBXResourcesBuildPhase section */

/* Begin PBXSourcesBuildPhase section */
		759A0B8F199DE54F00B6C065 /* Sources */ = {
			isa = PBXSourcesBuildPhase;
			buildActionMask = 2147483647;
			files = (
				759A0B9B199DE54F00B6C065 /* ViewController.swift in Sources */,
				759A0B99199DE54F00B6C065 /* AppDelegate.swift in Sources */,
			);
			runOnlyForDeploymentPostprocessing = 0;
		};
		759A0BA1199DE54F00B6C065 /* Sources */ = {
			isa = PBXSourcesBuildPhase;
			buildActionMask = 2147483647;
			files = (
				759A0BAC199DE55000B6C065 /* TipsterTests.swift in Sources */,
			);
			runOnlyForDeploymentPostprocessing = 0;
		};
/* End PBXSourcesBuildPhase section */

/* Begin PBXTargetDependency section */
		759A0BA7199DE54F00B6C065 /* PBXTargetDependency */ = {
			isa = PBXTargetDependency;
			target = 759A0B92199DE54F00B6C065 /* Tipster */;
			targetProxy = 759A0BA6199DE54F00B6C065 /* PBXContainerItemProxy */;
		};
/* End PBXTargetDependency section */

/* Begin PBXVariantGroup section */
		759A0B9C199DE54F00B6C065 /* Main.storyboard */ = {
			isa = PBXVariantGroup;
			children = (
				759A0B9D199DE54F00B6C065 /* Base */,
			);
			name = Main.storyboard;
			sourceTree = "<group>";
		};
/* End PBXVariantGroup section */

/* Begin XCBuildConfiguration section */
		759A0BAD199DE55000B6C065 /* Debug */ = {
			isa = XCBuildConfiguration;
			buildSettings = {
				ALWAYS_SEARCH_USER_PATHS = NO;
				CLANG_CXX_LANGUAGE_STANDARD = "gnu++0x";
				CLANG_CXX_LIBRARY = "libc++";
				CLANG_ENABLE_MODULES = YES;
				CLANG_ENABLE_OBJC_ARC = YES;
				CLANG_WARN_BOOL_CONVERSION = YES;
				CLANG_WARN_CONSTANT_CONVERSION = YES;
				CLANG_WARN_DIRECT_OBJC_ISA_USAGE = YES_ERROR;
				CLANG_WARN_EMPTY_BODY = YES;
				CLANG_WARN_ENUM_CONVERSION = YES;
				CLANG_WARN_INT_CONVERSION = YES;
				CLANG_WARN_OBJC_ROOT_CLASS = YES_ERROR;
				CLANG_WARN_UNREACHABLE_CODE = YES;
				CLANG_WARN__DUPLICATE_METHOD_MATCH = YES;
				"CODE_SIGN_IDENTITY[sdk=iphoneos*]" = "iPhone Developer";
				COPY_PHASE_STRIP = NO;
				ENABLE_STRICT_OBJC_MSGSEND = YES;
				GCC_C_LANGUAGE_STANDARD = gnu99;
				GCC_DYNAMIC_NO_PIC = NO;
				GCC_OPTIMIZATION_LEVEL = 0;
				GCC_PREPROCESSOR_DEFINITIONS = (
					"DEBUG=1",
					"$(inherited)",
				);
				GCC_SYMBOLS_PRIVATE_EXTERN = NO;
				GCC_WARN_64_TO_32_BIT_CONVERSION = YES;
				GCC_WARN_ABOUT_RETURN_TYPE = YES_ERROR;
				GCC_WARN_UNDECLARED_SELECTOR = YES;
				GCC_WARN_UNINITIALIZED_AUTOS = YES_AGGRESSIVE;
				GCC_WARN_UNUSED_FUNCTION = YES;
				GCC_WARN_UNUSED_VARIABLE = YES;
				IPHONEOS_DEPLOYMENT_TARGET = 8.0;
				MTL_ENABLE_DEBUG_INFO = YES;
				ONLY_ACTIVE_ARCH = YES;
				SDKROOT = iphoneos;
				SWIFT_OPTIMIZATION_LEVEL = "-Onone";
			};
			name = Debug;
		};
		759A0BAE199DE55000B6C065 /* Release */ = {
			isa = XCBuildConfiguration;
			buildSettings = {
				ALWAYS_SEARCH_USER_PATHS = NO;
				CLANG_CXX_LANGUAGE_STANDARD = "gnu++0x";
				CLANG_CXX_LIBRARY = "libc++";
				CLANG_ENABLE_MODULES = YES;
				CLANG_ENABLE_OBJC_ARC = YES;
				CLANG_WARN_BOOL_CONVERSION = YES;
				CLANG_WARN_CONSTANT_CONVERSION = YES;
				CLANG_WARN_DIRECT_OBJC_ISA_USAGE = YES_ERROR;
				CLANG_WARN_EMPTY_BODY = YES;
				CLANG_WARN_ENUM_CONVERSION = YES;
				CLANG_WARN_INT_CONVERSION = YES;
				CLANG_WARN_OBJC_ROOT_CLASS = YES_ERROR;
				CLANG_WARN_UNREACHABLE_CODE = YES;
				CLANG_WARN__DUPLICATE_METHOD_MATCH = YES;
				"CODE_SIGN_IDENTITY[sdk=iphoneos*]" = "iPhone Developer";
				COPY_PHASE_STRIP = YES;
				ENABLE_NS_ASSERTIONS = NO;
				ENABLE_STRICT_OBJC_MSGSEND = YES;
				GCC_C_LANGUAGE_STANDARD = gnu99;
				GCC_WARN_64_TO_32_BIT_CONVERSION = YES;
				GCC_WARN_ABOUT_RETURN_TYPE = YES_ERROR;
				GCC_WARN_UNDECLARED_SELECTOR = YES;
				GCC_WARN_UNINITIALIZED_AUTOS = YES_AGGRESSIVE;
				GCC_WARN_UNUSED_FUNCTION = YES;
				GCC_WARN_UNUSED_VARIABLE = YES;
				IPHONEOS_DEPLOYMENT_TARGET = 8.0;
				MTL_ENABLE_DEBUG_INFO = NO;
				SDKROOT = iphoneos;
				VALIDATE_PRODUCT = YES;
			};
			name = Release;
		};
		759A0BB0199DE55000B6C065 /* Debug */ = {
			isa = XCBuildConfiguration;
			buildSettings = {
				ASSETCATALOG_COMPILER_APPICON_NAME = AppIcon;
				ASSETCATALOG_COMPILER_LAUNCHIMAGE_NAME = LaunchImage;
				INFOPLIST_FILE = Tipster/Info.plist;
				LD_RUNPATH_SEARCH_PATHS = "$(inherited) @executable_path/Frameworks";
				PRODUCT_NAME = "$(TARGET_NAME)";
			};
			name = Debug;
		};
		759A0BB1199DE55000B6C065 /* Release */ = {
			isa = XCBuildConfiguration;
			buildSettings = {
				ASSETCATALOG_COMPILER_APPICON_NAME = AppIcon;
				ASSETCATALOG_COMPILER_LAUNCHIMAGE_NAME = LaunchImage;
				INFOPLIST_FILE = Tipster/Info.plist;
				LD_RUNPATH_SEARCH_PATHS = "$(inherited) @executable_path/Frameworks";
				PRODUCT_NAME = "$(TARGET_NAME)";
			};
			name = Release;
		};
		759A0BB3199DE55000B6C065 /* Debug */ = {
			isa = XCBuildConfiguration;
			buildSettings = {
				BUNDLE_LOADER = "$(TEST_HOST)";
				FRAMEWORK_SEARCH_PATHS = (
					"$(SDKROOT)/Developer/Library/Frameworks",
					"$(inherited)",
				);
				GCC_PREPROCESSOR_DEFINITIONS = (
					"DEBUG=1",
					"$(inherited)",
				);
				INFOPLIST_FILE = TipsterTests/Info.plist;
				LD_RUNPATH_SEARCH_PATHS = "$(inherited) @executable_path/Frameworks @loader_path/Frameworks";
				PRODUCT_NAME = "$(TARGET_NAME)";
				TEST_HOST = "$(BUILT_PRODUCTS_DIR)/Tipster.app/Tipster";
			};
			name = Debug;
		};
		759A0BB4199DE55000B6C065 /* Release */ = {
			isa = XCBuildConfiguration;
			buildSettings = {
				BUNDLE_LOADER = "$(TEST_HOST)";
				FRAMEWORK_SEARCH_PATHS = (
					"$(SDKROOT)/Developer/Library/Frameworks",
					"$(inherited)",
				);
				INFOPLIST_FILE = TipsterTests/Info.plist;
				LD_RUNPATH_SEARCH_PATHS = "$(inherited) @executable_path/Frameworks @loader_path/Frameworks";
				PRODUCT_NAME = "$(TARGET_NAME)";
				TEST_HOST = "$(BUILT_PRODUCTS_DIR)/Tipster.app/Tipster";
			};
			name = Release;
		};
/* End XCBuildConfiguration section */

/* Begin XCConfigurationList section */
		759A0B8E199DE54F00B6C065 /* Build configuration list for PBXProject "Tipster" */ = {
			isa = XCConfigurationList;
			buildConfigurations = (
				759A0BAD199DE55000B6C065 /* Debug */,
				759A0BAE199DE55000B6C065 /* Release */,
			);
			defaultConfigurationIsVisible = 0;
			defaultConfigurationName = Release;
		};
		759A0BAF199DE55000B6C065 /* Build configuration list for PBXNativeTarget "Tipster" */ = {
			isa = XCConfigurationList;
			buildConfigurations = (
				759A0BB0199DE55000B6C065 /* Debug */,
				759A0BB1199DE55000B6C065 /* Release */,
			);
			defaultConfigurationIsVisible = 0;
		};
		759A0BB2199DE55000B6C065 /* Build configuration list for PBXNativeTarget "TipsterTests" */ = {
			isa = XCConfigurationList;
			buildConfigurations = (
				759A0BB3199DE55000B6C065 /* Debug */,
				759A0BB4199DE55000B6C065 /* Release */,
			);
			defaultConfigurationIsVisible = 0;
		};
/* End XCConfigurationList section */
	};
	rootObject = 759A0B8B199DE54F00B6C065 /* Project object */;
}
